
Microsoft Visual Studio Solution File, Format Version 12.00
# Visual Studio Version 16
VisualStudioVersion = 16.0.31624.102
MinimumVisualStudioVersion = 10.0.40219.1
Project("{FAE04EC0-301F-11D3-BF4B-00C04F79EFBC}") = "Unluau.CLI", "Unluau.CLI\Unluau.CLI.csproj", "{F157804B-C10E-40BC-9687-5FEFC9B201AB}"
EndProject
Project("{FAE04EC0-301F-11D3-BF4B-00C04F79EFBC}") = "Unluau", "Unluau\Unluau.csproj", "{1A7D84B6-2C36-4895-9AD1-94575EA2FA76}"
EndProject
Global
	GlobalSection(SolutionConfigurationPlatforms) = preSolution
		Debug|Any CPU = Debug|Any CPU
		Release|Any CPU = Release|Any CPU
	EndGlobalSection
	GlobalSection(ProjectConfigurationPlatforms) = postSolution
		{F157804B-C10E-40BC-9687-5FEFC9B201AB}.Debug|Any CPU.ActiveCfg = Debug|Any CPU
		{F157804B-C10E-40BC-9687-5FEFC9B201AB}.Debug|Any CPU.Build.0 = Debug|Any CPU
		{F157804B-C10E-40BC-9687-5FEFC9B201AB}.Release|Any CPU.ActiveCfg = Release|Any CPU
		{F157804B-C10E-40BC-9687-5FEFC9B201AB}.Release|Any CPU.Build.0 = Release|Any CPU
		{1A7D84B6-2C36-4895-9AD1-94575EA2FA76}.Debug|Any CPU.ActiveCfg = Debug|Any CPU
		{1A7D84B6-2C36-4895-9AD1-94575EA2FA76}.Debug|Any CPU.Build.0 = Debug|Any CPU
		{1A7D84B6-2C36-4895-9AD1-94575EA2FA76}.Release|Any CPU.ActiveCfg = Release|Any CPU
		{1A7D84B6-2C36-4895-9AD1-94575EA2FA76}.Release|Any CPU.Build.0 = Release|Any CPU
	EndGlobalSection
	GlobalSection(SolutionProperties) = preSolution
		HideSolutionNode = FALSE
	EndGlobalSection
	GlobalSection(ExtensibilityGlobals) = postSolution
		SolutionGuid = {A13E364F-5518-4C30-966B-7B42A3566195}
	EndGlobalSection
EndGlobal
