
Microsoft Visual Studio Solution File, Format Version 12.00
# Visual Studio Version 17
VisualStudioVersion = 17.8.34511.84
MinimumVisualStudioVersion = 10.0.40219.1
Project("{9A19103F-16F7-4668-BE54-9A1E7A4F7556}") = "Unluau.Decompile", "Unluau\Unluau.Decompile.csproj", "{C15FA6F1-47BE-4000-AD57-A94750634167}"
EndProject
Project("{9A19103F-16F7-4668-BE54-9A1E7A4F7556}") = "Unluau.CLI", "Unluau.CLI\Unluau.CLI.csproj", "{C442BD3C-DD52-4DC1-A7B2-2BD7FBBBAF01}"
EndProject
Project("{9A19103F-16F7-4668-BE54-9A1E7A4F7556}") = "Unluau.Common", "Unluau.Common\Unluau.Common.csproj", "{26B0ABEB-20C2-4E92-9339-CC443EF29892}"
EndProject
Project("{9A19103F-16F7-4668-BE54-9A1E7A4F7556}") = "Unluau.Disassemble", "Unluau.Dissasembler\Unluau.Disassemble.csproj", "{BDCB8309-25AF-44E7-AF98-E3BB2A8B9C2C}"
EndProject
Global
	GlobalSection(SolutionConfigurationPlatforms) = preSolution
		Debug|Any CPU = Debug|Any CPU
		Release|Any CPU = Release|Any CPU
	EndGlobalSection
	GlobalSection(ProjectConfigurationPlatforms) = postSolution
		{C15FA6F1-47BE-4000-AD57-A94750634167}.Debug|Any CPU.ActiveCfg = Debug|Any CPU
		{C15FA6F1-47BE-4000-AD57-A94750634167}.Debug|Any CPU.Build.0 = Debug|Any CPU
		{C15FA6F1-47BE-4000-AD57-A94750634167}.Release|Any CPU.ActiveCfg = Release|Any CPU
		{C15FA6F1-47BE-4000-AD57-A94750634167}.Release|Any CPU.Build.0 = Release|Any CPU
		{C442BD3C-DD52-4DC1-A7B2-2BD7FBBBAF01}.Debug|Any CPU.ActiveCfg = Debug|Any CPU
		{C442BD3C-DD52-4DC1-A7B2-2BD7FBBBAF01}.Debug|Any CPU.Build.0 = Debug|Any CPU
		{C442BD3C-DD52-4DC1-A7B2-2BD7FBBBAF01}.Release|Any CPU.ActiveCfg = Release|Any CPU
		{C442BD3C-DD52-4DC1-A7B2-2BD7FBBBAF01}.Release|Any CPU.Build.0 = Release|Any CPU
		{26B0ABEB-20C2-4E92-9339-CC443EF29892}.Debug|Any CPU.ActiveCfg = Debug|Any CPU
		{26B0ABEB-20C2-4E92-9339-CC443EF29892}.Debug|Any CPU.Build.0 = Debug|Any CPU
		{26B0ABEB-20C2-4E92-9339-CC443EF29892}.Release|Any CPU.ActiveCfg = Release|Any CPU
		{26B0ABEB-20C2-4E92-9339-CC443EF29892}.Release|Any CPU.Build.0 = Release|Any CPU
		{BDCB8309-25AF-44E7-AF98-E3BB2A8B9C2C}.Debug|Any CPU.ActiveCfg = Debug|Any CPU
		{BDCB8309-25AF-44E7-AF98-E3BB2A8B9C2C}.Debug|Any CPU.Build.0 = Debug|Any CPU
		{BDCB8309-25AF-44E7-AF98-E3BB2A8B9C2C}.Release|Any CPU.ActiveCfg = Release|Any CPU
		{BDCB8309-25AF-44E7-AF98-E3BB2A8B9C2C}.Release|Any CPU.Build.0 = Release|Any CPU
	EndGlobalSection
	GlobalSection(SolutionProperties) = preSolution
		HideSolutionNode = FALSE
	EndGlobalSection
	GlobalSection(ExtensibilityGlobals) = postSolution
		SolutionGuid = {D75AD508-2844-4ACC-B946-BC54B0845F10}
	EndGlobalSection
EndGlobal
